
Microsoft Visual Studio Solution File, Format Version 12.00
# Visual Studio Version 17
VisualStudioVersion = 17.0.31903.59
MinimumVisualStudioVersion = 10.0.40219.1
Project("{FAE04EC0-301F-11D3-BF4B-00C04F79EFBC}") = "API", "API\API.csproj", "{0BAEAA0B-1637-493E-BED1-ADE33C568D20}"
EndProject
Project("{FAE04EC0-301F-11D3-BF4B-00C04F79EFBC}") = "Application", "Application\Application.csproj", "{DE21E12F-F0B1-4F98-A819-2D2C160DBA54}"
EndProject
Project("{FAE04EC0-301F-11D3-BF4B-00C04F79EFBC}") = "Domain", "Domain\Domain.csproj", "{C71E8260-89B7-4A7E-BAB2-2FB57EBACFC5}"
EndProject
Project("{FAE04EC0-301F-11D3-BF4B-00C04F79EFBC}") = "Persistence", "Persistence\Persistence.csproj", "{533EB507-0817-40B9-B314-AF45D3E3D6D5}"
EndProject
Global
	GlobalSection(SolutionConfigurationPlatforms) = preSolution
		Debug|Any CPU = Debug|Any CPU
		Release|Any CPU = Release|Any CPU
	EndGlobalSection
	GlobalSection(SolutionProperties) = preSolution
		HideSolutionNode = FALSE
	EndGlobalSection
	GlobalSection(ProjectConfigurationPlatforms) = postSolution
		{0BAEAA0B-1637-493E-BED1-ADE33C568D20}.Debug|Any CPU.ActiveCfg = Debug|Any CPU
		{0BAEAA0B-1637-493E-BED1-ADE33C568D20}.Debug|Any CPU.Build.0 = Debug|Any CPU
		{0BAEAA0B-1637-493E-BED1-ADE33C568D20}.Release|Any CPU.ActiveCfg = Release|Any CPU
		{0BAEAA0B-1637-493E-BED1-ADE33C568D20}.Release|Any CPU.Build.0 = Release|Any CPU
		{DE21E12F-F0B1-4F98-A819-2D2C160DBA54}.Debug|Any CPU.ActiveCfg = Debug|Any CPU
		{DE21E12F-F0B1-4F98-A819-2D2C160DBA54}.Debug|Any CPU.Build.0 = Debug|Any CPU
		{DE21E12F-F0B1-4F98-A819-2D2C160DBA54}.Release|Any CPU.ActiveCfg = Release|Any CPU
		{DE21E12F-F0B1-4F98-A819-2D2C160DBA54}.Release|Any CPU.Build.0 = Release|Any CPU
		{C71E8260-89B7-4A7E-BAB2-2FB57EBACFC5}.Debug|Any CPU.ActiveCfg = Debug|Any CPU
		{C71E8260-89B7-4A7E-BAB2-2FB57EBACFC5}.Debug|Any CPU.Build.0 = Debug|Any CPU
		{C71E8260-89B7-4A7E-BAB2-2FB57EBACFC5}.Release|Any CPU.ActiveCfg = Release|Any CPU
		{C71E8260-89B7-4A7E-BAB2-2FB57EBACFC5}.Release|Any CPU.Build.0 = Release|Any CPU
		{533EB507-0817-40B9-B314-AF45D3E3D6D5}.Debug|Any CPU.ActiveCfg = Debug|Any CPU
		{533EB507-0817-40B9-B314-AF45D3E3D6D5}.Debug|Any CPU.Build.0 = Debug|Any CPU
		{533EB507-0817-40B9-B314-AF45D3E3D6D5}.Release|Any CPU.ActiveCfg = Release|Any CPU
		{533EB507-0817-40B9-B314-AF45D3E3D6D5}.Release|Any CPU.Build.0 = Release|Any CPU
	EndGlobalSection
EndGlobal
